
Microsoft Visual Studio Solution File, Format Version 12.00
# Visual Studio Version 16
VisualStudioVersion = 16.0.30907.101
MinimumVisualStudioVersion = 10.0.40219.1
Project("{FAE04EC0-301F-11D3-BF4B-00C04F79EFBC}") = "DemoApp.Infrastructure", "DemoApp.Infrastructure\DemoApp.Infrastructure.csproj", "{CA78FB55-5C44-4979-A358-A14F08968458}"
EndProject
Project("{FAE04EC0-301F-11D3-BF4B-00C04F79EFBC}") = "DemoApp.Core", "DemoApp.Core\DemoApp.Core.csproj", "{1E0973EB-8506-4622-A6E7-A415C812A2FE}"
EndProject
Project("{FAE04EC0-301F-11D3-BF4B-00C04F79EFBC}") = "DemoApp.Api", "DemoApp.Api\DemoApp.Api.csproj", "{3BB47D31-B1A9-41FB-BE08-E0A29C732808}"
EndProject
Global
	GlobalSection(SolutionConfigurationPlatforms) = preSolution
		Debug|Any CPU = Debug|Any CPU
		Release|Any CPU = Release|Any CPU
	EndGlobalSection
	GlobalSection(ProjectConfigurationPlatforms) = postSolution
		{CA78FB55-5C44-4979-A358-A14F08968458}.Debug|Any CPU.ActiveCfg = Debug|Any CPU
		{CA78FB55-5C44-4979-A358-A14F08968458}.Debug|Any CPU.Build.0 = Debug|Any CPU
		{CA78FB55-5C44-4979-A358-A14F08968458}.Release|Any CPU.ActiveCfg = Release|Any CPU
		{CA78FB55-5C44-4979-A358-A14F08968458}.Release|Any CPU.Build.0 = Release|Any CPU
		{1E0973EB-8506-4622-A6E7-A415C812A2FE}.Debug|Any CPU.ActiveCfg = Debug|Any CPU
		{1E0973EB-8506-4622-A6E7-A415C812A2FE}.Debug|Any CPU.Build.0 = Debug|Any CPU
		{1E0973EB-8506-4622-A6E7-A415C812A2FE}.Release|Any CPU.ActiveCfg = Release|Any CPU
		{1E0973EB-8506-4622-A6E7-A415C812A2FE}.Release|Any CPU.Build.0 = Release|Any CPU
		{3BB47D31-B1A9-41FB-BE08-E0A29C732808}.Debug|Any CPU.ActiveCfg = Debug|Any CPU
		{3BB47D31-B1A9-41FB-BE08-E0A29C732808}.Debug|Any CPU.Build.0 = Debug|Any CPU
		{3BB47D31-B1A9-41FB-BE08-E0A29C732808}.Release|Any CPU.ActiveCfg = Release|Any CPU
		{3BB47D31-B1A9-41FB-BE08-E0A29C732808}.Release|Any CPU.Build.0 = Release|Any CPU
	EndGlobalSection
	GlobalSection(SolutionProperties) = preSolution
		HideSolutionNode = FALSE
	EndGlobalSection
	GlobalSection(ExtensibilityGlobals) = postSolution
		SolutionGuid = {585E96E9-E374-40C9-88F0-54EA4DE9A5D6}
	EndGlobalSection
EndGlobal
